
Microsoft Visual Studio Solution File, Format Version 12.00
# Visual Studio Version 17
VisualStudioVersion = 17.11.35312.102
MinimumVisualStudioVersion = 10.0.40219.1
Project("{FAE04EC0-301F-11D3-BF4B-00C04F79EFBC}") = "RoyalEnfsample", "RoyalEnfsample\RoyalEnfsample.csproj", "{267309F0-AF46-4D17-A92F-60CF00E6D612}"
EndProject
Project("{FAE04EC0-301F-11D3-BF4B-00C04F79EFBC}") = "RoyalEnf", "RoyalEnf\RoyalEnf.csproj", "{40A425C6-E1F5-475D-9D09-7C500AA9966E}"
EndProject
Global
	GlobalSection(SolutionConfigurationPlatforms) = preSolution
		Debug|Any CPU = Debug|Any CPU
		Release|Any CPU = Release|Any CPU
	EndGlobalSection
	GlobalSection(ProjectConfigurationPlatforms) = postSolution
		{267309F0-AF46-4D17-A92F-60CF00E6D612}.Debug|Any CPU.ActiveCfg = Debug|Any CPU
		{267309F0-AF46-4D17-A92F-60CF00E6D612}.Debug|Any CPU.Build.0 = Debug|Any CPU
		{267309F0-AF46-4D17-A92F-60CF00E6D612}.Release|Any CPU.ActiveCfg = Release|Any CPU
		{267309F0-AF46-4D17-A92F-60CF00E6D612}.Release|Any CPU.Build.0 = Release|Any CPU
		{40A425C6-E1F5-475D-9D09-7C500AA9966E}.Debug|Any CPU.ActiveCfg = Debug|Any CPU
		{40A425C6-E1F5-475D-9D09-7C500AA9966E}.Debug|Any CPU.Build.0 = Debug|Any CPU
		{40A425C6-E1F5-475D-9D09-7C500AA9966E}.Release|Any CPU.ActiveCfg = Release|Any CPU
		{40A425C6-E1F5-475D-9D09-7C500AA9966E}.Release|Any CPU.Build.0 = Release|Any CPU
	EndGlobalSection
	GlobalSection(SolutionProperties) = preSolution
		HideSolutionNode = FALSE
	EndGlobalSection
	GlobalSection(ExtensibilityGlobals) = postSolution
		SolutionGuid = {79831055-9388-43CC-A077-0AE69062365E}
	EndGlobalSection
EndGlobal
